
Microsoft Visual Studio Solution File, Format Version 12.00
# Visual Studio Version 17
VisualStudioVersion = 17.6.33723.286
MinimumVisualStudioVersion = 10.0.40219.1
Project("{FAE04EC0-301F-11D3-BF4B-00C04F79EFBC}") = "Administratativa", "..\Administratativa\Administratativa.csproj", "{60144777-236C-4FEF-969D-EBBC72FF4F36}"
EndProject
Project("{FAE04EC0-301F-11D3-BF4B-00C04F79EFBC}") = "Catalogo", "..\Catalogo\Catalogo.csproj", "{99967F8C-D81E-4B50-9914-10D71190916D}"
EndProject
Project("{FAE04EC0-301F-11D3-BF4B-00C04F79EFBC}") = "LogicaProyecto", "..\LogicaProyecto\LogicaProyecto.csproj", "{54E5E9BC-B4C0-4842-B0D6-4A41BFEEDC00}"
EndProject
Global
	GlobalSection(SolutionConfigurationPlatforms) = preSolution
		Debug|Any CPU = Debug|Any CPU
		Release|Any CPU = Release|Any CPU
	EndGlobalSection
	GlobalSection(ProjectConfigurationPlatforms) = postSolution
		{60144777-236C-4FEF-969D-EBBC72FF4F36}.Debug|Any CPU.ActiveCfg = Debug|Any CPU
		{60144777-236C-4FEF-969D-EBBC72FF4F36}.Debug|Any CPU.Build.0 = Debug|Any CPU
		{60144777-236C-4FEF-969D-EBBC72FF4F36}.Release|Any CPU.ActiveCfg = Release|Any CPU
		{60144777-236C-4FEF-969D-EBBC72FF4F36}.Release|Any CPU.Build.0 = Release|Any CPU
		{99967F8C-D81E-4B50-9914-10D71190916D}.Debug|Any CPU.ActiveCfg = Debug|Any CPU
		{99967F8C-D81E-4B50-9914-10D71190916D}.Debug|Any CPU.Build.0 = Debug|Any CPU
		{99967F8C-D81E-4B50-9914-10D71190916D}.Release|Any CPU.ActiveCfg = Release|Any CPU
		{99967F8C-D81E-4B50-9914-10D71190916D}.Release|Any CPU.Build.0 = Release|Any CPU
		{54E5E9BC-B4C0-4842-B0D6-4A41BFEEDC00}.Debug|Any CPU.ActiveCfg = Debug|Any CPU
		{54E5E9BC-B4C0-4842-B0D6-4A41BFEEDC00}.Debug|Any CPU.Build.0 = Debug|Any CPU
		{54E5E9BC-B4C0-4842-B0D6-4A41BFEEDC00}.Release|Any CPU.ActiveCfg = Release|Any CPU
		{54E5E9BC-B4C0-4842-B0D6-4A41BFEEDC00}.Release|Any CPU.Build.0 = Release|Any CPU
	EndGlobalSection
	GlobalSection(SolutionProperties) = preSolution
		HideSolutionNode = FALSE
	EndGlobalSection
	GlobalSection(ExtensibilityGlobals) = postSolution
		SolutionGuid = {99233011-B771-43AC-9798-B3AC90FBFF59}
	EndGlobalSection
EndGlobal
